
Microsoft Visual Studio Solution File, Format Version 12.00
# Visual Studio Version 17
VisualStudioVersion = 17.14.36119.2 d17.14
MinimumVisualStudioVersion = 10.0.40219.1
Project("{FAE04EC0-301F-11D3-BF4B-00C04F79EFBC}") = "Practica2PrograA", "Practica2PrograA\Practica2PrograA.csproj", "{89F8D8D5-133D-429F-81FB-E7273B24E187}"
EndProject
Global
	GlobalSection(SolutionConfigurationPlatforms) = preSolution
		Debug|Any CPU = Debug|Any CPU
		Release|Any CPU = Release|Any CPU
	EndGlobalSection
	GlobalSection(ProjectConfigurationPlatforms) = postSolution
		{89F8D8D5-133D-429F-81FB-E7273B24E187}.Debug|Any CPU.ActiveCfg = Debug|Any CPU
		{89F8D8D5-133D-429F-81FB-E7273B24E187}.Debug|Any CPU.Build.0 = Debug|Any CPU
		{89F8D8D5-133D-429F-81FB-E7273B24E187}.Release|Any CPU.ActiveCfg = Release|Any CPU
		{89F8D8D5-133D-429F-81FB-E7273B24E187}.Release|Any CPU.Build.0 = Release|Any CPU
	EndGlobalSection
	GlobalSection(SolutionProperties) = preSolution
		HideSolutionNode = FALSE
	EndGlobalSection
	GlobalSection(ExtensibilityGlobals) = postSolution
		SolutionGuid = {4CA55829-39D9-475E-B3C1-D6F7CF53C2C9}
	EndGlobalSection
EndGlobal
